
Microsoft Visual Studio Solution File, Format Version 12.00
# Visual Studio Version 16
VisualStudioVersion = 16.0.29215.179
MinimumVisualStudioVersion = 10.0.40219.1
Project("{FAE04EC0-301F-11D3-BF4B-00C04F79EFBC}") = "smartAssistance", "smartAssistance\smartAssistance.csproj", "{40CE3E11-4BA8-4714-A40F-86826655AA43}"
EndProject
Global
	GlobalSection(SolutionConfigurationPlatforms) = preSolution
		Debug|Any CPU = Debug|Any CPU
		Release|Any CPU = Release|Any CPU
	EndGlobalSection
	GlobalSection(ProjectConfigurationPlatforms) = postSolution
		{40CE3E11-4BA8-4714-A40F-86826655AA43}.Debug|Any CPU.ActiveCfg = Debug|Any CPU
		{40CE3E11-4BA8-4714-A40F-86826655AA43}.Debug|Any CPU.Build.0 = Debug|Any CPU
		{40CE3E11-4BA8-4714-A40F-86826655AA43}.Release|Any CPU.ActiveCfg = Release|Any CPU
		{40CE3E11-4BA8-4714-A40F-86826655AA43}.Release|Any CPU.Build.0 = Release|Any CPU
	EndGlobalSection
	GlobalSection(SolutionProperties) = preSolution
		HideSolutionNode = FALSE
	EndGlobalSection
	GlobalSection(ExtensibilityGlobals) = postSolution
		SolutionGuid = {AA2273BA-92F8-4666-A0CA-7161F18D7600}
	EndGlobalSection
EndGlobal
